
Microsoft Visual Studio Solution File, Format Version 12.00
# Visual Studio Version 16
VisualStudioVersion = 16.0.29509.3
MinimumVisualStudioVersion = 10.0.40219.1
Project("{FAE04EC0-301F-11D3-BF4B-00C04F79EFBC}") = "funktio2", "funktio2\funktio2.csproj", "{C5924C78-C2C5-4BF6-B235-214D1BEE9267}"
EndProject
Global
	GlobalSection(SolutionConfigurationPlatforms) = preSolution
		Debug|Any CPU = Debug|Any CPU
		Release|Any CPU = Release|Any CPU
	EndGlobalSection
	GlobalSection(ProjectConfigurationPlatforms) = postSolution
		{C5924C78-C2C5-4BF6-B235-214D1BEE9267}.Debug|Any CPU.ActiveCfg = Debug|Any CPU
		{C5924C78-C2C5-4BF6-B235-214D1BEE9267}.Debug|Any CPU.Build.0 = Debug|Any CPU
		{C5924C78-C2C5-4BF6-B235-214D1BEE9267}.Release|Any CPU.ActiveCfg = Release|Any CPU
		{C5924C78-C2C5-4BF6-B235-214D1BEE9267}.Release|Any CPU.Build.0 = Release|Any CPU
	EndGlobalSection
	GlobalSection(SolutionProperties) = preSolution
		HideSolutionNode = FALSE
	EndGlobalSection
	GlobalSection(ExtensibilityGlobals) = postSolution
		SolutionGuid = {9E274253-1878-4B6B-8776-36D6891549FA}
	EndGlobalSection
EndGlobal
