
Microsoft Visual Studio Solution File, Format Version 12.00
# Visual Studio Version 16
VisualStudioVersion = 16.0.29215.179
MinimumVisualStudioVersion = 10.0.40219.1
Project("{FAE04EC0-301F-11D3-BF4B-00C04F79EFBC}") = "nKertoma", "nKertoma\nKertoma.csproj", "{76EB4AB8-C9B2-4A5F-9C57-7995FF82D471}"
EndProject
Global
	GlobalSection(SolutionConfigurationPlatforms) = preSolution
		Debug|Any CPU = Debug|Any CPU
		Release|Any CPU = Release|Any CPU
	EndGlobalSection
	GlobalSection(ProjectConfigurationPlatforms) = postSolution
		{76EB4AB8-C9B2-4A5F-9C57-7995FF82D471}.Debug|Any CPU.ActiveCfg = Debug|Any CPU
		{76EB4AB8-C9B2-4A5F-9C57-7995FF82D471}.Debug|Any CPU.Build.0 = Debug|Any CPU
		{76EB4AB8-C9B2-4A5F-9C57-7995FF82D471}.Release|Any CPU.ActiveCfg = Release|Any CPU
		{76EB4AB8-C9B2-4A5F-9C57-7995FF82D471}.Release|Any CPU.Build.0 = Release|Any CPU
	EndGlobalSection
	GlobalSection(SolutionProperties) = preSolution
		HideSolutionNode = FALSE
	EndGlobalSection
	GlobalSection(ExtensibilityGlobals) = postSolution
		SolutionGuid = {0968F633-53BA-4C61-8D55-BD454B1B3202}
	EndGlobalSection
EndGlobal
